{
  "version": 4,
  "terraform_version": "1.3.9",
  "serial": 27,
  "lineage": "3dd3d860-7d50-caa8-2723-111ec4aa8864",
  "outputs": {},
  "resources": [
    {
      "mode": "managed",
      "type": "aws_instance",
      "name": "Outline-instance",
      "provider": "provider[\"registry.terraform.io/hashicorp/aws\"]",
      "instances": [
        {
          "schema_version": 1,
          "attributes": {
            "ami": "ami-000ed5810ea2ca0a0",
            "arn": "arn:aws:ec2:ap-south-1:074029491927:instance/i-039ea291c38e9b5b5",
            "associate_public_ip_address": true,
            "availability_zone": "ap-south-1a",
            "capacity_reservation_specification": [
              {
                "capacity_reservation_preference": "open",
                "capacity_reservation_target": []
              }
            ],
            "cpu_core_count": 1,
            "cpu_threads_per_core": 1,
            "credit_specification": [
              {
                "cpu_credits": "standard"
              }
            ],
            "disable_api_stop": false,
            "disable_api_termination": false,
            "ebs_block_device": [],
            "ebs_optimized": false,
            "enclave_options": [
              {
                "enabled": false
              }
            ],
            "ephemeral_block_device": [],
            "get_password_data": false,
            "hibernation": false,
            "host_id": "",
            "host_resource_group_arn": null,
            "iam_instance_profile": "",
            "id": "i-039ea291c38e9b5b5",
            "instance_initiated_shutdown_behavior": "stop",
            "instance_state": "running",
            "instance_type": "t2.small",
            "ipv6_address_count": 0,
            "ipv6_addresses": [],
            "key_name": "outline-key",
            "launch_template": [],
            "maintenance_options": [
              {
                "auto_recovery": "default"
              }
            ],
            "metadata_options": [
              {
                "http_endpoint": "enabled",
                "http_put_response_hop_limit": 1,
                "http_tokens": "optional",
                "instance_metadata_tags": "disabled"
              }
            ],
            "monitoring": false,
            "network_interface": [],
            "outpost_arn": "",
            "password_data": "",
            "placement_group": "",
            "placement_partition_number": 0,
            "primary_network_interface_id": "eni-01ecfe39125166d7c",
            "private_dns": "ip-172-31-42-65.ap-south-1.compute.internal",
            "private_dns_name_options": [
              {
                "enable_resource_name_dns_a_record": false,
                "enable_resource_name_dns_aaaa_record": false,
                "hostname_type": "ip-name"
              }
            ],
            "private_ip": "172.31.42.65",
            "public_dns": "ec2-43-204-25-235.ap-south-1.compute.amazonaws.com",
            "public_ip": "43.204.25.235",
            "root_block_device": [
              {
                "delete_on_termination": true,
                "device_name": "/dev/sda1",
                "encrypted": false,
                "iops": 100,
                "kms_key_id": "",
                "tags": {},
                "throughput": 0,
                "volume_id": "vol-0a6d9658ea700543f",
                "volume_size": 8,
                "volume_type": "gp2"
              }
            ],
            "secondary_private_ips": [],
            "security_groups": [
              "OutlineVPN-sg"
            ],
            "source_dest_check": true,
            "subnet_id": "subnet-0862454e0c53ad88c",
            "tags": {
              "Name": "Outline-instance",
              "Project": "VPN"
            },
            "tags_all": {
              "Name": "Outline-instance",
              "Project": "VPN"
            },
            "tenancy": "default",
            "timeouts": null,
            "user_data": null,
            "user_data_base64": null,
            "user_data_replace_on_change": false,
            "volume_tags": null,
            "vpc_security_group_ids": [
              "sg-053eaeeedfc4d2fb3"
            ]
          },
          "sensitive_attributes": [],
          "private": "eyJlMmJmYjczMC1lY2FhLTExZTYtOGY4OC0zNDM2M2JjN2M0YzAiOnsiY3JlYXRlIjo2MDAwMDAwMDAwMDAsImRlbGV0ZSI6MTIwMDAwMDAwMDAwMCwidXBkYXRlIjo2MDAwMDAwMDAwMDB9LCJzY2hlbWFfdmVyc2lvbiI6IjEifQ==",
          "dependencies": [
            "aws_key_pair.outline-key",
            "aws_security_group.OutlineVPN-sg"
          ]
        }
      ]
    },
    {
      "mode": "managed",
      "type": "aws_key_pair",
      "name": "outline-key",
      "provider": "provider[\"registry.terraform.io/hashicorp/aws\"]",
      "instances": [
        {
          "schema_version": 1,
          "attributes": {
            "arn": "arn:aws:ec2:ap-south-1:074029491927:key-pair/outline-key",
            "fingerprint": "fe:53:ef:b8:9f:0d:43:cc:df:fb:d9:05:f2:3b:9c:c4",
            "id": "outline-key",
            "key_name": "outline-key",
            "key_name_prefix": "",
            "key_pair_id": "key-002e2ba8778939a64",
            "key_type": "rsa",
            "public_key": "ssh-rsa AAAAB3NzaC1yc2EAAAADAQABAAACAQD73wntsBAPwZuSQuooAZzU1BeFKHg7PZMhgGTK6z3P1/2LZvzEa0zm/EPlpw70TM2Tk+kcRv46UqqUWvI8UxI26W4s8CXfQb+4S3hDkjHgiNYKJgg6aIWV5OmgUgV3g9Ik/wSMh0o6P+UEp/ICcy+b49t6SQToqNtvRxEfB2LTH/Ve5fn5dldpQB6udOBtWgJzEIx9wipwtvOYjPTdOE5XwowGNtCYsXeHPfZ8Nbp7Lay52uDExVnnCX25ZxDjNZudUJwzjAHLZpyFkWZrDY99aHfoQsP+YKbaqFhJNvqpPZJBEur2HnAqLTLEVN2DGy+ClnGCpJwIX5SMtNDOE0tCuRGSIPBQprZb+nywA8zrtLBEWqk4YseniqL9TuCfigEsQ2usEA5t7caQWAh+ZsbykfrlOCqRw/BEEXblDiTHoGSxSxtkN+DQKnn6Tg4r9Rb07K+bm2vcz25GJLfV53WduUoYNoUDdScuaN9Xx6Mn2Uh1cH/01jYGdNqYD3477RiYE6FGCMfvcfBWjoJWGnDGDwQJWu9d6nwxurd1fO7bahayMljd7kwd2yy1gorpYewipFbcAWCS/zzpZtYK9w2mQsQAK3G0BSk354Hy0fVDkKzFsI8bmyUp3MnypgxEGxuCkO6JdoAT48ZLVmGD6xGAZAwP7y38KYIC/o/7o0tpjQ== siningli@Sinings-MacBook-Pro.local",
            "tags": {},
            "tags_all": {}
          },
          "sensitive_attributes": [],
          "private": "eyJzY2hlbWFfdmVyc2lvbiI6IjEifQ=="
        }
      ]
    },
    {
      "mode": "managed",
      "type": "aws_security_group",
      "name": "OutlineVPN-sg",
      "provider": "provider[\"registry.terraform.io/hashicorp/aws\"]",
      "instances": [
        {
          "schema_version": 1,
          "attributes": {
            "arn": "arn:aws:ec2:ap-south-1:074029491927:security-group/sg-053eaeeedfc4d2fb3",
            "description": "Sec Grp for Outline",
            "egress": [
              {
                "cidr_blocks": [
                  "0.0.0.0/0"
                ],
                "description": "",
                "from_port": 0,
                "ipv6_cidr_blocks": [],
                "prefix_list_ids": [],
                "protocol": "-1",
                "security_groups": [],
                "self": false,
                "to_port": 0
              }
            ],
            "id": "sg-053eaeeedfc4d2fb3",
            "ingress": [
              {
                "cidr_blocks": [
                  "0.0.0.0/0"
                ],
                "description": "",
                "from_port": 0,
                "ipv6_cidr_blocks": [],
                "prefix_list_ids": [],
                "protocol": "tcp",
                "security_groups": [],
                "self": false,
                "to_port": 65535
              },
              {
                "cidr_blocks": [
                  "0.0.0.0/0"
                ],
                "description": "",
                "from_port": 0,
                "ipv6_cidr_blocks": [],
                "prefix_list_ids": [],
                "protocol": "udp",
                "security_groups": [],
                "self": false,
                "to_port": 65535
              },
              {
                "cidr_blocks": [
                  "49.70.187.233/32"
                ],
                "description": "",
                "from_port": 22,
                "ipv6_cidr_blocks": [],
                "prefix_list_ids": [],
                "protocol": "tcp",
                "security_groups": [],
                "self": false,
                "to_port": 22
              }
            ],
            "name": "OutlineVPN-sg",
            "name_prefix": "",
            "owner_id": "074029491927",
            "revoke_rules_on_delete": false,
            "tags": {
              "Name": "outline-sg"
            },
            "tags_all": {
              "Name": "outline-sg"
            },
            "timeouts": null,
            "vpc_id": "vpc-03d64ebbf4d2eedbf"
          },
          "sensitive_attributes": [],
          "private": "eyJlMmJmYjczMC1lY2FhLTExZTYtOGY4OC0zNDM2M2JjN2M0YzAiOnsiY3JlYXRlIjo2MDAwMDAwMDAwMDAsImRlbGV0ZSI6OTAwMDAwMDAwMDAwfSwic2NoZW1hX3ZlcnNpb24iOiIxIn0="
        }
      ]
    }
  ],
  "check_results": null
}
