{
  "version": 4,
  "terraform_version": "1.3.9",
  "serial": 25,
  "lineage": "19cb3b6a-4fd6-da81-bf44-651eab3a8413",
  "outputs": {
    "PrivateIP": {
      "value": "172.31.14.152",
      "type": "string"
    },
    "PublicIP": {
      "value": "34.232.44.78",
      "type": "string"
    }
  },
  "resources": [
    {
      "mode": "managed",
      "type": "aws_instance",
      "name": "jenkins-inst",
      "provider": "provider[\"registry.terraform.io/hashicorp/aws\"]",
      "instances": [
        {
          "schema_version": 1,
          "attributes": {
            "ami": "ami-006dcf34c09e50022",
            "arn": "arn:aws:ec2:us-east-1:074029491927:instance/i-08b336dde75f3c4ff",
            "associate_public_ip_address": true,
            "availability_zone": "us-east-1a",
            "capacity_reservation_specification": [
              {
                "capacity_reservation_preference": "open",
                "capacity_reservation_target": []
              }
            ],
            "cpu_core_count": 1,
            "cpu_threads_per_core": 1,
            "credit_specification": [
              {
                "cpu_credits": "standard"
              }
            ],
            "disable_api_stop": false,
            "disable_api_termination": false,
            "ebs_block_device": [],
            "ebs_optimized": false,
            "enclave_options": [
              {
                "enabled": false
              }
            ],
            "ephemeral_block_device": [],
            "get_password_data": false,
            "hibernation": false,
            "host_id": "",
            "host_resource_group_arn": null,
            "iam_instance_profile": "",
            "id": "i-08b336dde75f3c4ff",
            "instance_initiated_shutdown_behavior": "stop",
            "instance_state": "running",
            "instance_type": "t2.micro",
            "ipv6_address_count": 0,
            "ipv6_addresses": [],
            "key_name": "jenkinskey",
            "launch_template": [],
            "maintenance_options": [
              {
                "auto_recovery": "default"
              }
            ],
            "metadata_options": [
              {
                "http_endpoint": "enabled",
                "http_put_response_hop_limit": 1,
                "http_tokens": "optional",
                "instance_metadata_tags": "disabled"
              }
            ],
            "monitoring": false,
            "network_interface": [],
            "outpost_arn": "",
            "password_data": "",
            "placement_group": "",
            "placement_partition_number": 0,
            "primary_network_interface_id": "eni-019f797267e1ec2a9",
            "private_dns": "ip-172-31-14-152.ec2.internal",
            "private_dns_name_options": [
              {
                "enable_resource_name_dns_a_record": false,
                "enable_resource_name_dns_aaaa_record": false,
                "hostname_type": "ip-name"
              }
            ],
            "private_ip": "172.31.14.152",
            "public_dns": "ec2-34-232-44-78.compute-1.amazonaws.com",
            "public_ip": "34.232.44.78",
            "root_block_device": [
              {
                "delete_on_termination": true,
                "device_name": "/dev/xvda",
                "encrypted": false,
                "iops": 100,
                "kms_key_id": "",
                "tags": {},
                "throughput": 0,
                "volume_id": "vol-00062c7bd218a0dcf",
                "volume_size": 8,
                "volume_type": "gp2"
              }
            ],
            "secondary_private_ips": [],
            "security_groups": [
              "launch-wizard-3"
            ],
            "source_dest_check": true,
            "subnet_id": "subnet-0900fb69580903d92",
            "tags": {
              "Name": "Jenkins-instance",
              "Project": "Jenkins"
            },
            "tags_all": {
              "Name": "Jenkins-instance",
              "Project": "Jenkins"
            },
            "tenancy": "default",
            "timeouts": null,
            "user_data": null,
            "user_data_base64": null,
            "user_data_replace_on_change": false,
            "volume_tags": null,
            "vpc_security_group_ids": [
              "sg-0571d188fac48640b"
            ]
          },
          "sensitive_attributes": [],
          "private": "eyJlMmJmYjczMC1lY2FhLTExZTYtOGY4OC0zNDM2M2JjN2M0YzAiOnsiY3JlYXRlIjo2MDAwMDAwMDAwMDAsImRlbGV0ZSI6MTIwMDAwMDAwMDAwMCwidXBkYXRlIjo2MDAwMDAwMDAwMDB9LCJzY2hlbWFfdmVyc2lvbiI6IjEifQ==",
          "dependencies": [
            "aws_key_pair.jenkins-key"
          ]
        }
      ]
    },
    {
      "mode": "managed",
      "type": "aws_key_pair",
      "name": "jenkins-key",
      "provider": "provider[\"registry.terraform.io/hashicorp/aws\"]",
      "instances": [
        {
          "schema_version": 1,
          "attributes": {
            "arn": "arn:aws:ec2:us-east-1:074029491927:key-pair/jenkinskey",
            "fingerprint": "fe:53:ef:b8:9f:0d:43:cc:df:fb:d9:05:f2:3b:9c:c4",
            "id": "jenkinskey",
            "key_name": "jenkinskey",
            "key_name_prefix": "",
            "key_pair_id": "key-067e6dd3501d251e7",
            "key_type": "rsa",
            "public_key": "ssh-rsa AAAAB3NzaC1yc2EAAAADAQABAAACAQD73wntsBAPwZuSQuooAZzU1BeFKHg7PZMhgGTK6z3P1/2LZvzEa0zm/EPlpw70TM2Tk+kcRv46UqqUWvI8UxI26W4s8CXfQb+4S3hDkjHgiNYKJgg6aIWV5OmgUgV3g9Ik/wSMh0o6P+UEp/ICcy+b49t6SQToqNtvRxEfB2LTH/Ve5fn5dldpQB6udOBtWgJzEIx9wipwtvOYjPTdOE5XwowGNtCYsXeHPfZ8Nbp7Lay52uDExVnnCX25ZxDjNZudUJwzjAHLZpyFkWZrDY99aHfoQsP+YKbaqFhJNvqpPZJBEur2HnAqLTLEVN2DGy+ClnGCpJwIX5SMtNDOE0tCuRGSIPBQprZb+nywA8zrtLBEWqk4YseniqL9TuCfigEsQ2usEA5t7caQWAh+ZsbykfrlOCqRw/BEEXblDiTHoGSxSxtkN+DQKnn6Tg4r9Rb07K+bm2vcz25GJLfV53WduUoYNoUDdScuaN9Xx6Mn2Uh1cH/01jYGdNqYD3477RiYE6FGCMfvcfBWjoJWGnDGDwQJWu9d6nwxurd1fO7bahayMljd7kwd2yy1gorpYewipFbcAWCS/zzpZtYK9w2mQsQAK3G0BSk354Hy0fVDkKzFsI8bmyUp3MnypgxEGxuCkO6JdoAT48ZLVmGD6xGAZAwP7y38KYIC/o/7o0tpjQ== siningli@Sinings-MacBook-Pro.local",
            "tags": null,
            "tags_all": {}
          },
          "sensitive_attributes": [],
          "private": "eyJzY2hlbWFfdmVyc2lvbiI6IjEifQ=="
        }
      ]
    }
  ],
  "check_results": null
}
